// !$*UTF8*$!
{
	archiveVersion = 1;
	classes = {
	};
	objectVersion = 46;
	objects = {

/* Begin PBXBuildFile section */
		56F3ADA91B58F4ED0060B7F5 /* main.m in Sources */ = {isa = PBXBuildFile; fileRef = 56F3ADA81B58F4ED0060B7F5 /* main.m */; };
		56F3ADAC1B58F4ED0060B7F5 /* AppDelegate.m in Sources */ = {isa = PBXBuildFile; fileRef = 56F3ADAB1B58F4ED0060B7F5 /* AppDelegate.m */; };
		56F3ADAF1B58F4ED0060B7F5 /* _3_____.xcdatamodeld in Sources */ = {isa = PBXBuildFile; fileRef = 56F3ADAD1B58F4ED0060B7F5 /* _3_____.xcdatamodeld */; };
		56F3ADB51B58F4ED0060B7F5 /* Main.storyboard in Resources */ = {isa = PBXBuildFile; fileRef = 56F3ADB31B58F4ED0060B7F5 /* Main.storyboard */; };
		56F3ADB71B58F4ED0060B7F5 /* Images.xcassets in Resources */ = {isa = PBXBuildFile; fileRef = 56F3ADB61B58F4ED0060B7F5 /* Images.xcassets */; };
		56F3ADBA1B58F4ED0060B7F5 /* LaunchScreen.xib in Resources */ = {isa = PBXBuildFile; fileRef = 56F3ADB81B58F4ED0060B7F5 /* LaunchScreen.xib */; };
		56F3ADC61B58F4ED0060B7F5 /* _3_____Tests.m in Sources */ = {isa = PBXBuildFile; fileRef = 56F3ADC51B58F4ED0060B7F5 /* _3_____Tests.m */; };
		56F3ADD01B58F8BE0060B7F5 /* tgs.plist in Resources */ = {isa = PBXBuildFile; fileRef = 56F3ADCF1B58F8BE0060B7F5 /* tgs.plist */; };
		56F3ADDB1B5910E00060B7F5 /* TableViewController.m in Sources */ = {isa = PBXBuildFile; fileRef = 56F3ADDA1B5910E00060B7F5 /* TableViewController.m */; };
		56F3ADDE1B59112B0060B7F5 /* Tg.m in Sources */ = {isa = PBXBuildFile; fileRef = 56F3ADDD1B59112B0060B7F5 /* Tg.m */; };
		56F3ADE21B5912640060B7F5 /* TgCell.m in Sources */ = {isa = PBXBuildFile; fileRef = 56F3ADE01B5912640060B7F5 /* TgCell.m */; };
		56F3ADE31B5912640060B7F5 /* TgCell.xib in Resources */ = {isa = PBXBuildFile; fileRef = 56F3ADE11B5912640060B7F5 /* TgCell.xib */; };
		56F3AE061B591D570060B7F5 /* TgFooterView.m in Sources */ = {isa = PBXBuildFile; fileRef = 56F3AE051B591D570060B7F5 /* TgFooterView.m */; };
		56F3AE081B591D6F0060B7F5 /* TgFooterView.xib in Resources */ = {isa = PBXBuildFile; fileRef = 56F3AE071B591D6F0060B7F5 /* TgFooterView.xib */; };
		56F3AE0A1B5947FA0060B7F5 /* TgHeaderView.xib in Resources */ = {isa = PBXBuildFile; fileRef = 56F3AE091B5947FA0060B7F5 /* TgHeaderView.xib */; };
/* End PBXBuildFile section */

/* Begin PBXContainerItemProxy section */
		56F3ADC01B58F4ED0060B7F5 /* PBXContainerItemProxy */ = {
			isa = PBXContainerItemProxy;
			containerPortal = 56F3AD9B1B58F4EC0060B7F5 /* Project object */;
			proxyType = 1;
			remoteGlobalIDString = 56F3ADA21B58F4EC0060B7F5;
			remoteInfo = "13 - 团购";
		};
/* End PBXContainerItemProxy section */

/* Begin PBXFileReference section */
		56F3ADA31B58F4EC0060B7F5 /* 13 - 团购.app */ = {isa = PBXFileReference; explicitFileType = wrapper.application; includeInIndex = 0; path = "13 - 团购.app"; sourceTree = BUILT_PRODUCTS_DIR; };
		56F3ADA71B58F4ED0060B7F5 /* Info.plist */ = {isa = PBXFileReference; lastKnownFileType = text.plist.xml; path = Info.plist; sourceTree = "<group>"; };
		56F3ADA81B58F4ED0060B7F5 /* main.m */ = {isa = PBXFileReference; lastKnownFileType = sourcecode.c.objc; path = main.m; sourceTree = "<group>"; };
		56F3ADAA1B58F4ED0060B7F5 /* AppDelegate.h */ = {isa = PBXFileReference; lastKnownFileType = sourcecode.c.h; path = AppDelegate.h; sourceTree = "<group>"; };
		56F3ADAB1B58F4ED0060B7F5 /* AppDelegate.m */ = {isa = PBXFileReference; lastKnownFileType = sourcecode.c.objc; path = AppDelegate.m; sourceTree = "<group>"; };
		56F3ADAE1B58F4ED0060B7F5 /* _3_____.xcdatamodel */ = {isa = PBXFileReference; lastKnownFileType = wrapper.xcdatamodel; path = "_3_____.xcdatamodel"; sourceTree = "<group>"; };
		56F3ADB41B58F4ED0060B7F5 /* Base */ = {isa = PBXFileReference; lastKnownFileType = file.storyboard; name = Base; path = Base.lproj/Main.storyboard; sourceTree = "<group>"; };
		56F3ADB61B58F4ED0060B7F5 /* Images.xcassets */ = {isa = PBXFileReference; lastKnownFileType = folder.assetcatalog; path = Images.xcassets; sourceTree = "<group>"; };
		56F3ADB91B58F4ED0060B7F5 /* Base */ = {isa = PBXFileReference; lastKnownFileType = file.xib; name = Base; path = Base.lproj/LaunchScreen.xib; sourceTree = "<group>"; };
		56F3ADBF1B58F4ED0060B7F5 /* 13 - 团购Tests.xctest */ = {isa = PBXFileReference; explicitFileType = wrapper.cfbundle; includeInIndex = 0; path = "13 - 团购Tests.xctest"; sourceTree = BUILT_PRODUCTS_DIR; };
		56F3ADC41B58F4ED0060B7F5 /* Info.plist */ = {isa = PBXFileReference; lastKnownFileType = text.plist.xml; path = Info.plist; sourceTree = "<group>"; };
		56F3ADC51B58F4ED0060B7F5 /* _3_____Tests.m */ = {isa = PBXFileReference; lastKnownFileType = sourcecode.c.objc; path = "_3_____Tests.m"; sourceTree = "<group>"; };
		56F3ADCF1B58F8BE0060B7F5 /* tgs.plist */ = {isa = PBXFileReference; fileEncoding = 4; lastKnownFileType = text.plist.xml; path = tgs.plist; sourceTree = "<group>"; };
		56F3ADD91B5910E00060B7F5 /* TableViewController.h */ = {isa = PBXFileReference; fileEncoding = 4; lastKnownFileType = sourcecode.c.h; path = TableViewController.h; sourceTree = "<group>"; };
		56F3ADDA1B5910E00060B7F5 /* TableViewController.m */ = {isa = PBXFileReference; fileEncoding = 4; lastKnownFileType = sourcecode.c.objc; path = TableViewController.m; sourceTree = "<group>"; };
		56F3ADDC1B59112B0060B7F5 /* Tg.h */ = {isa = PBXFileReference; fileEncoding = 4; lastKnownFileType = sourcecode.c.h; path = Tg.h; sourceTree = "<group>"; };
		56F3ADDD1B59112B0060B7F5 /* Tg.m */ = {isa = PBXFileReference; fileEncoding = 4; lastKnownFileType = sourcecode.c.objc; path = Tg.m; sourceTree = "<group>"; };
		56F3ADDF1B5912640060B7F5 /* TgCell.h */ = {isa = PBXFileReference; fileEncoding = 4; lastKnownFileType = sourcecode.c.h; path = TgCell.h; sourceTree = "<group>"; };
		56F3ADE01B5912640060B7F5 /* TgCell.m */ = {isa = PBXFileReference; fileEncoding = 4; lastKnownFileType = sourcecode.c.objc; path = TgCell.m; sourceTree = "<group>"; };
		56F3ADE11B5912640060B7F5 /* TgCell.xib */ = {isa = PBXFileReference; fileEncoding = 4; lastKnownFileType = file.xib; path = TgCell.xib; sourceTree = "<group>"; };
		56F3AE041B591D570060B7F5 /* TgFooterView.h */ = {isa = PBXFileReference; fileEncoding = 4; lastKnownFileType = sourcecode.c.h; path = TgFooterView.h; sourceTree = "<group>"; };
		56F3AE051B591D570060B7F5 /* TgFooterView.m */ = {isa = PBXFileReference; fileEncoding = 4; lastKnownFileType = sourcecode.c.objc; path = TgFooterView.m; sourceTree = "<group>"; };
		56F3AE071B591D6F0060B7F5 /* TgFooterView.xib */ = {isa = PBXFileReference; fileEncoding = 4; lastKnownFileType = file.xib; path = TgFooterView.xib; sourceTree = "<group>"; };
		56F3AE091B5947FA0060B7F5 /* TgHeaderView.xib */ = {isa = PBXFileReference; fileEncoding = 4; lastKnownFileType = file.xib; path = TgHeaderView.xib; sourceTree = "<group>"; };
/* End PBXFileReference section */

/* Begin PBXFrameworksBuildPhase section */
		56F3ADA01B58F4EC0060B7F5 /* Frameworks */ = {
			isa = PBXFrameworksBuildPhase;
			buildActionMask = 2147483647;
			files = (
			);
			runOnlyForDeploymentPostprocessing = 0;
		};
		56F3ADBC1B58F4ED0060B7F5 /* Frameworks */ = {
			isa = PBXFrameworksBuildPhase;
			buildActionMask = 2147483647;
			files = (
			);
			runOnlyForDeploymentPostprocessing = 0;
		};
/* End PBXFrameworksBuildPhase section */

/* Begin PBXGroup section */
		56F3AD9A1B58F4EC0060B7F5 = {
			isa = PBXGroup;
			children = (
				56F3ADA51B58F4EC0060B7F5 /* 13 - 团购 */,
				56F3ADC21B58F4ED0060B7F5 /* 13 - 团购Tests */,
				56F3ADA41B58F4EC0060B7F5 /* Products */,
			);
			sourceTree = "<group>";
		};
		56F3ADA41B58F4EC0060B7F5 /* Products */ = {
			isa = PBXGroup;
			children = (
				56F3ADA31B58F4EC0060B7F5 /* 13 - 团购.app */,
				56F3ADBF1B58F4ED0060B7F5 /* 13 - 团购Tests.xctest */,
			);
			name = Products;
			sourceTree = "<group>";
		};
		56F3ADA51B58F4EC0060B7F5 /* 13 - 团购 */ = {
			isa = PBXGroup;
			children = (
				56F3AE031B591D0F0060B7F5 /* Classes */,
				56F3ADA61B58F4EC0060B7F5 /* Supporting Files */,
			);
			path = "13 - 团购";
			sourceTree = "<group>";
		};
		56F3ADA61B58F4EC0060B7F5 /* Supporting Files */ = {
			isa = PBXGroup;
			children = (
				56F3ADB31B58F4ED0060B7F5 /* Main.storyboard */,
				56F3ADB61B58F4ED0060B7F5 /* Images.xcassets */,
				56F3ADB81B58F4ED0060B7F5 /* LaunchScreen.xib */,
				56F3ADAD1B58F4ED0060B7F5 /* _3_____.xcdatamodeld */,
				56F3ADCF1B58F8BE0060B7F5 /* tgs.plist */,
				56F3ADA71B58F4ED0060B7F5 /* Info.plist */,
				56F3ADA81B58F4ED0060B7F5 /* main.m */,
			);
			name = "Supporting Files";
			sourceTree = "<group>";
		};
		56F3ADC21B58F4ED0060B7F5 /* 13 - 团购Tests */ = {
			isa = PBXGroup;
			children = (
				56F3ADC51B58F4ED0060B7F5 /* _3_____Tests.m */,
				56F3ADC31B58F4ED0060B7F5 /* Supporting Files */,
			);
			path = "13 - 团购Tests";
			sourceTree = "<group>";
		};
		56F3ADC31B58F4ED0060B7F5 /* Supporting Files */ = {
			isa = PBXGroup;
			children = (
				56F3ADC41B58F4ED0060B7F5 /* Info.plist */,
			);
			name = "Supporting Files";
			sourceTree = "<group>";
		};
		56F3ADFF1B591CC20060B7F5 /* Controller */ = {
			isa = PBXGroup;
			children = (
				56F3ADD91B5910E00060B7F5 /* TableViewController.h */,
				56F3ADDA1B5910E00060B7F5 /* TableViewController.m */,
			);
			name = Controller;
			sourceTree = "<group>";
		};
		56F3AE001B591CD00060B7F5 /* Model */ = {
			isa = PBXGroup;
			children = (
				56F3ADDC1B59112B0060B7F5 /* Tg.h */,
				56F3ADDD1B59112B0060B7F5 /* Tg.m */,
			);
			name = Model;
			sourceTree = "<group>";
		};
		56F3AE011B591CDB0060B7F5 /* Others */ = {
			isa = PBXGroup;
			children = (
				56F3ADAA1B58F4ED0060B7F5 /* AppDelegate.h */,
				56F3ADAB1B58F4ED0060B7F5 /* AppDelegate.m */,
			);
			name = Others;
			sourceTree = "<group>";
		};
		56F3AE021B591CE50060B7F5 /* View */ = {
			isa = PBXGroup;
			children = (
				56F3ADDF1B5912640060B7F5 /* TgCell.h */,
				56F3ADE01B5912640060B7F5 /* TgCell.m */,
				56F3ADE11B5912640060B7F5 /* TgCell.xib */,
				56F3AE041B591D570060B7F5 /* TgFooterView.h */,
				56F3AE051B591D570060B7F5 /* TgFooterView.m */,
				56F3AE071B591D6F0060B7F5 /* TgFooterView.xib */,
				56F3AE091B5947FA0060B7F5 /* TgHeaderView.xib */,
			);
			name = View;
			sourceTree = "<group>";
		};
		56F3AE031B591D0F0060B7F5 /* Classes */ = {
			isa = PBXGroup;
			children = (
				56F3AE011B591CDB0060B7F5 /* Others */,
				56F3ADFF1B591CC20060B7F5 /* Controller */,
				56F3AE001B591CD00060B7F5 /* Model */,
				56F3AE021B591CE50060B7F5 /* View */,
			);
			name = Classes;
			sourceTree = "<group>";
		};
/* End PBXGroup section */

/* Begin PBXNativeTarget section */
		56F3ADA21B58F4EC0060B7F5 /* 13 - 团购 */ = {
			isa = PBXNativeTarget;
			buildConfigurationList = 56F3ADC91B58F4ED0060B7F5 /* Build configuration list for PBXNativeTarget "13 - 团购" */;
			buildPhases = (
				56F3AD9F1B58F4EC0060B7F5 /* Sources */,
				56F3ADA01B58F4EC0060B7F5 /* Frameworks */,
				56F3ADA11B58F4EC0060B7F5 /* Resources */,
			);
			buildRules = (
			);
			dependencies = (
			);
			name = "13 - 团购";
			productName = "13 - 团购";
			productReference = 56F3ADA31B58F4EC0060B7F5 /* 13 - 团购.app */;
			productType = "com.apple.product-type.application";
		};
		56F3ADBE1B58F4ED0060B7F5 /* 13 - 团购Tests */ = {
			isa = PBXNativeTarget;
			buildConfigurationList = 56F3ADCC1B58F4ED0060B7F5 /* Build configuration list for PBXNativeTarget "13 - 团购Tests" */;
			buildPhases = (
				56F3ADBB1B58F4ED0060B7F5 /* Sources */,
				56F3ADBC1B58F4ED0060B7F5 /* Frameworks */,
				56F3ADBD1B58F4ED0060B7F5 /* Resources */,
			);
			buildRules = (
			);
			dependencies = (
				56F3ADC11B58F4ED0060B7F5 /* PBXTargetDependency */,
			);
			name = "13 - 团购Tests";
			productName = "13 - 团购Tests";
			productReference = 56F3ADBF1B58F4ED0060B7F5 /* 13 - 团购Tests.xctest */;
			productType = "com.apple.product-type.bundle.unit-test";
		};
/* End PBXNativeTarget section */

/* Begin PBXProject section */
		56F3AD9B1B58F4EC0060B7F5 /* Project object */ = {
			isa = PBXProject;
			attributes = {
				LastUpgradeCheck = 0640;
				ORGANIZATIONNAME = "肖晨";
				TargetAttributes = {
					56F3ADA21B58F4EC0060B7F5 = {
						CreatedOnToolsVersion = 6.4;
					};
					56F3ADBE1B58F4ED0060B7F5 = {
						CreatedOnToolsVersion = 6.4;
						TestTargetID = 56F3ADA21B58F4EC0060B7F5;
					};
				};
			};
			buildConfigurationList = 56F3AD9E1B58F4EC0060B7F5 /* Build configuration list for PBXProject "13 - 团购" */;
			compatibilityVersion = "Xcode 3.2";
			developmentRegion = English;
			hasScannedForEncodings = 0;
			knownRegions = (
				en,
				Base,
			);
			mainGroup = 56F3AD9A1B58F4EC0060B7F5;
			productRefGroup = 56F3ADA41B58F4EC0060B7F5 /* Products */;
			projectDirPath = "";
			projectRoot = "";
			targets = (
				56F3ADA21B58F4EC0060B7F5 /* 13 - 团购 */,
				56F3ADBE1B58F4ED0060B7F5 /* 13 - 团购Tests */,
			);
		};
/* End PBXProject section */

/* Begin PBXResourcesBuildPhase section */
		56F3ADA11B58F4EC0060B7F5 /* Resources */ = {
			isa = PBXResourcesBuildPhase;
			buildActionMask = 2147483647;
			files = (
				56F3ADB51B58F4ED0060B7F5 /* Main.storyboard in Resources */,
				56F3ADD01B58F8BE0060B7F5 /* tgs.plist in Resources */,
				56F3AE081B591D6F0060B7F5 /* TgFooterView.xib in Resources */,
				56F3AE0A1B5947FA0060B7F5 /* TgHeaderView.xib in Resources */,
				56F3ADE31B5912640060B7F5 /* TgCell.xib in Resources */,
				56F3ADBA1B58F4ED0060B7F5 /* LaunchScreen.xib in Resources */,
				56F3ADB71B58F4ED0060B7F5 /* Images.xcassets in Resources */,
			);
			runOnlyForDeploymentPostprocessing = 0;
		};
		56F3ADBD1B58F4ED0060B7F5 /* Resources */ = {
			isa = PBXResourcesBuildPhase;
			buildActionMask = 2147483647;
			files = (
			);
			runOnlyForDeploymentPostprocessing = 0;
		};
/* End PBXResourcesBuildPhase section */

/* Begin PBXSourcesBuildPhase section */
		56F3AD9F1B58F4EC0060B7F5 /* Sources */ = {
			isa = PBXSourcesBuildPhase;
			buildActionMask = 2147483647;
			files = (
				56F3ADDE1B59112B0060B7F5 /* Tg.m in Sources */,
				56F3ADAC1B58F4ED0060B7F5 /* AppDelegate.m in Sources */,
				56F3ADE21B5912640060B7F5 /* TgCell.m in Sources */,
				56F3ADA91B58F4ED0060B7F5 /* main.m in Sources */,
				56F3ADAF1B58F4ED0060B7F5 /* _3_____.xcdatamodeld in Sources */,
				56F3ADDB1B5910E00060B7F5 /* TableViewController.m in Sources */,
				56F3AE061B591D570060B7F5 /* TgFooterView.m in Sources */,
			);
			runOnlyForDeploymentPostprocessing = 0;
		};
		56F3ADBB1B58F4ED0060B7F5 /* Sources */ = {
			isa = PBXSourcesBuildPhase;
			buildActionMask = 2147483647;
			files = (
				56F3ADC61B58F4ED0060B7F5 /* _3_____Tests.m in Sources */,
			);
			runOnlyForDeploymentPostprocessing = 0;
		};
/* End PBXSourcesBuildPhase section */

/* Begin PBXTargetDependency section */
		56F3ADC11B58F4ED0060B7F5 /* PBXTargetDependency */ = {
			isa = PBXTargetDependency;
			target = 56F3ADA21B58F4EC0060B7F5 /* 13 - 团购 */;
			targetProxy = 56F3ADC01B58F4ED0060B7F5 /* PBXContainerItemProxy */;
		};
/* End PBXTargetDependency section */

/* Begin PBXVariantGroup section */
		56F3ADB31B58F4ED0060B7F5 /* Main.storyboard */ = {
			isa = PBXVariantGroup;
			children = (
				56F3ADB41B58F4ED0060B7F5 /* Base */,
			);
			name = Main.storyboard;
			sourceTree = "<group>";
		};
		56F3ADB81B58F4ED0060B7F5 /* LaunchScreen.xib */ = {
			isa = PBXVariantGroup;
			children = (
				56F3ADB91B58F4ED0060B7F5 /* Base */,
			);
			name = LaunchScreen.xib;
			sourceTree = "<group>";
		};
/* End PBXVariantGroup section */

/* Begin XCBuildConfiguration section */
		56F3ADC71B58F4ED0060B7F5 /* Debug */ = {
			isa = XCBuildConfiguration;
			buildSettings = {
				ALWAYS_SEARCH_USER_PATHS = NO;
				CLANG_CXX_LANGUAGE_STANDARD = "gnu++0x";
				CLANG_CXX_LIBRARY = "libc++";
				CLANG_ENABLE_MODULES = YES;
				CLANG_ENABLE_OBJC_ARC = YES;
				CLANG_WARN_BOOL_CONVERSION = YES;
				CLANG_WARN_CONSTANT_CONVERSION = YES;
				CLANG_WARN_DIRECT_OBJC_ISA_USAGE = YES_ERROR;
				CLANG_WARN_EMPTY_BODY = YES;
				CLANG_WARN_ENUM_CONVERSION = YES;
				CLANG_WARN_INT_CONVERSION = YES;
				CLANG_WARN_OBJC_ROOT_CLASS = YES_ERROR;
				CLANG_WARN_UNREACHABLE_CODE = YES;
				CLANG_WARN__DUPLICATE_METHOD_MATCH = YES;
				"CODE_SIGN_IDENTITY[sdk=iphoneos*]" = "iPhone Developer";
				COPY_PHASE_STRIP = NO;
				DEBUG_INFORMATION_FORMAT = "dwarf-with-dsym";
				ENABLE_STRICT_OBJC_MSGSEND = YES;
				GCC_C_LANGUAGE_STANDARD = gnu99;
				GCC_DYNAMIC_NO_PIC = NO;
				GCC_NO_COMMON_BLOCKS = YES;
				GCC_OPTIMIZATION_LEVEL = 0;
				GCC_PREPROCESSOR_DEFINITIONS = (
					"DEBUG=1",
					"$(inherited)",
				);
				GCC_SYMBOLS_PRIVATE_EXTERN = NO;
				GCC_WARN_64_TO_32_BIT_CONVERSION = YES;
				GCC_WARN_ABOUT_RETURN_TYPE = YES_ERROR;
				GCC_WARN_UNDECLARED_SELECTOR = YES;
				GCC_WARN_UNINITIALIZED_AUTOS = YES_AGGRESSIVE;
				GCC_WARN_UNUSED_FUNCTION = YES;
				GCC_WARN_UNUSED_VARIABLE = YES;
				IPHONEOS_DEPLOYMENT_TARGET = 8.4;
				MTL_ENABLE_DEBUG_INFO = YES;
				ONLY_ACTIVE_ARCH = YES;
				SDKROOT = iphoneos;
			};
			name = Debug;
		};
		56F3ADC81B58F4ED0060B7F5 /* Release */ = {
			isa = XCBuildConfiguration;
			buildSettings = {
				ALWAYS_SEARCH_USER_PATHS = NO;
				CLANG_CXX_LANGUAGE_STANDARD = "gnu++0x";
				CLANG_CXX_LIBRARY = "libc++";
				CLANG_ENABLE_MODULES = YES;
				CLANG_ENABLE_OBJC_ARC = YES;
				CLANG_WARN_BOOL_CONVERSION = YES;
				CLANG_WARN_CONSTANT_CONVERSION = YES;
				CLANG_WARN_DIRECT_OBJC_ISA_USAGE = YES_ERROR;
				CLANG_WARN_EMPTY_BODY = YES;
				CLANG_WARN_ENUM_CONVERSION = YES;
				CLANG_WARN_INT_CONVERSION = YES;
				CLANG_WARN_OBJC_ROOT_CLASS = YES_ERROR;
				CLANG_WARN_UNREACHABLE_CODE = YES;
				CLANG_WARN__DUPLICATE_METHOD_MATCH = YES;
				"CODE_SIGN_IDENTITY[sdk=iphoneos*]" = "iPhone Developer";
				COPY_PHASE_STRIP = NO;
				DEBUG_INFORMATION_FORMAT = "dwarf-with-dsym";
				ENABLE_NS_ASSERTIONS = NO;
				ENABLE_STRICT_OBJC_MSGSEND = YES;
				GCC_C_LANGUAGE_STANDARD = gnu99;
				GCC_NO_COMMON_BLOCKS = YES;
				GCC_WARN_64_TO_32_BIT_CONVERSION = YES;
				GCC_WARN_ABOUT_RETURN_TYPE = YES_ERROR;
				GCC_WARN_UNDECLARED_SELECTOR = YES;
				GCC_WARN_UNINITIALIZED_AUTOS = YES_AGGRESSIVE;
				GCC_WARN_UNUSED_FUNCTION = YES;
				GCC_WARN_UNUSED_VARIABLE = YES;
				IPHONEOS_DEPLOYMENT_TARGET = 8.4;
				MTL_ENABLE_DEBUG_INFO = NO;
				SDKROOT = iphoneos;
				VALIDATE_PRODUCT = YES;
			};
			name = Release;
		};
		56F3ADCA1B58F4ED0060B7F5 /* Debug */ = {
			isa = XCBuildConfiguration;
			buildSettings = {
				ASSETCATALOG_COMPILER_APPICON_NAME = AppIcon;
				INFOPLIST_FILE = "13 - 团购/Info.plist";
				LD_RUNPATH_SEARCH_PATHS = "$(inherited) @executable_path/Frameworks";
				PRODUCT_NAME = "$(TARGET_NAME)";
			};
			name = Debug;
		};
		56F3ADCB1B58F4ED0060B7F5 /* Release */ = {
			isa = XCBuildConfiguration;
			buildSettings = {
				ASSETCATALOG_COMPILER_APPICON_NAME = AppIcon;
				INFOPLIST_FILE = "13 - 团购/Info.plist";
				LD_RUNPATH_SEARCH_PATHS = "$(inherited) @executable_path/Frameworks";
				PRODUCT_NAME = "$(TARGET_NAME)";
			};
			name = Release;
		};
		56F3ADCD1B58F4ED0060B7F5 /* Debug */ = {
			isa = XCBuildConfiguration;
			buildSettings = {
				BUNDLE_LOADER = "$(TEST_HOST)";
				FRAMEWORK_SEARCH_PATHS = (
					"$(SDKROOT)/Developer/Library/Frameworks",
					"$(inherited)",
				);
				GCC_PREPROCESSOR_DEFINITIONS = (
					"DEBUG=1",
					"$(inherited)",
				);
				INFOPLIST_FILE = "13 - 团购Tests/Info.plist";
				LD_RUNPATH_SEARCH_PATHS = "$(inherited) @executable_path/Frameworks @loader_path/Frameworks";
				PRODUCT_NAME = "$(TARGET_NAME)";
				TEST_HOST = "$(BUILT_PRODUCTS_DIR)/13 - 团购.app/13 - 团购";
			};
			name = Debug;
		};
		56F3ADCE1B58F4ED0060B7F5 /* Release */ = {
			isa = XCBuildConfiguration;
			buildSettings = {
				BUNDLE_LOADER = "$(TEST_HOST)";
				FRAMEWORK_SEARCH_PATHS = (
					"$(SDKROOT)/Developer/Library/Frameworks",
					"$(inherited)",
				);
				INFOPLIST_FILE = "13 - 团购Tests/Info.plist";
				LD_RUNPATH_SEARCH_PATHS = "$(inherited) @executable_path/Frameworks @loader_path/Frameworks";
				PRODUCT_NAME = "$(TARGET_NAME)";
				TEST_HOST = "$(BUILT_PRODUCTS_DIR)/13 - 团购.app/13 - 团购";
			};
			name = Release;
		};
/* End XCBuildConfiguration section */

/* Begin XCConfigurationList section */
		56F3AD9E1B58F4EC0060B7F5 /* Build configuration list for PBXProject "13 - 团购" */ = {
			isa = XCConfigurationList;
			buildConfigurations = (
				56F3ADC71B58F4ED0060B7F5 /* Debug */,
				56F3ADC81B58F4ED0060B7F5 /* Release */,
			);
			defaultConfigurationIsVisible = 0;
			defaultConfigurationName = Release;
		};
		56F3ADC91B58F4ED0060B7F5 /* Build configuration list for PBXNativeTarget "13 - 团购" */ = {
			isa = XCConfigurationList;
			buildConfigurations = (
				56F3ADCA1B58F4ED0060B7F5 /* Debug */,
				56F3ADCB1B58F4ED0060B7F5 /* Release */,
			);
			defaultConfigurationIsVisible = 0;
			defaultConfigurationName = Release;
		};
		56F3ADCC1B58F4ED0060B7F5 /* Build configuration list for PBXNativeTarget "13 - 团购Tests" */ = {
			isa = XCConfigurationList;
			buildConfigurations = (
				56F3ADCD1B58F4ED0060B7F5 /* Debug */,
				56F3ADCE1B58F4ED0060B7F5 /* Release */,
			);
			defaultConfigurationIsVisible = 0;
			defaultConfigurationName = Release;
		};
/* End XCConfigurationList section */

/* Begin XCVersionGroup section */
		56F3ADAD1B58F4ED0060B7F5 /* _3_____.xcdatamodeld */ = {
			isa = XCVersionGroup;
			children = (
				56F3ADAE1B58F4ED0060B7F5 /* _3_____.xcdatamodel */,
			);
			currentVersion = 56F3ADAE1B58F4ED0060B7F5 /* _3_____.xcdatamodel */;
			path = "_3_____.xcdatamodeld";
			sourceTree = "<group>";
			versionGroupType = wrapper.xcdatamodel;
		};
/* End XCVersionGroup section */
	};
	rootObject = 56F3AD9B1B58F4EC0060B7F5 /* Project object */;
}
